Microsoft Visual Studio Solution File, Format Version 12.00
# Visual Studio Version 17
VisualStudioVersion = 17.12.35707.178
MinimumVisualStudioVersion = 10.0.40219.1
Project("{2150E333-8FDC-42A3-9474-1A3956D46DE8}") = "src", "src", "{993FAC19-4DE4-4D55-8431-D9C55BBAF1C8}"
EndProject
Project("{2150E333-8FDC-42A3-9474-1A3956D46DE8}") = "tests", "tests", "{3D9012D9-1B70-41CD-BCAD-3727550BB312}"
EndProject
Project("{2150E333-8FDC-42A3-9474-1A3956D46DE8}") = "benchmarks", "benchmarks", "{E0FFD4A4-286E-4574-9438-438635DE07CA}"
EndProject
Project("{FAE04EC0-301F-11D3-BF4B-00C04F79EFBC}") = "PlasmaCAM.Kernel", "src\PlasmaCAM.Kernel\PlasmaCAM.Kernel.csproj", "{9FABD65F-8048-4999-9922-1CE8AC227732}"
EndProject
Project("{FAE04EC0-301F-11D3-BF4B-00C04F79EFBC}") = "PlasmaCAM.Core", "src\PlasmaCAM.Core\PlasmaCAM.Core.csproj", "{34A8B8D5-5F6E-4D8A-AD54-89EA78901A24}"
EndProject
Project("{FAE04EC0-301F-11D3-BF4B-00C04F79EFBC}") = "PlasmaCAM.Sdk", "src\PlasmaCAM.Sdk\PlasmaCAM.Sdk.csproj", "{905AABA5-E941-47A1-9F6F-888D545FD786}"
EndProject
Project("{FAE04EC0-301F-11D3-BF4B-00C04F79EFBC}") = "PlasmaCAM.Geometry", "src\PlasmaCAM.Geometry\PlasmaCAM.Geometry.csproj", "{18FB1097-202B-4527-9272-70329B0CEA30}"
EndProject
Project("{FAE04EC0-301F-11D3-BF4B-00C04F79EFBC}") = "PlasmaCAM.Import.NetDxf", "src\PlasmaCAM.Import.NetDxf\PlasmaCAM.Import.NetDxf.csproj", "{E37E35EA-95B8-441F-8407-9D970F1047F6}"
EndProject
Project("{FAE04EC0-301F-11D3-BF4B-00C04F79EFBC}") = "PlasmaCAM.Cam", "src\PlasmaCAM.Cam\PlasmaCAM.Cam.csproj", "{88D1B7B4-3082-4CAD-A073-C45AF8772D02}"
EndProject
Project("{FAE04EC0-301F-11D3-BF4B-00C04F79EFBC}") = "PlasmaCAM.Post", "src\PlasmaCAM.Post\PlasmaCAM.Post.csproj", "{3B57C2AB-1E1D-410B-BCC3-0E9B60C18D4E}"
EndProject
Project("{FAE04EC0-301F-11D3-BF4B-00C04F79EFBC}") = "PlasmaCAM.Data", "src\PlasmaCAM.Data\PlasmaCAM.Data.csproj", "{0349510A-3A82-4BC4-8A71-189306C5867F}"
EndProject
Project("{FAE04EC0-301F-11D3-BF4B-00C04F79EFBC}") = "PlasmaCAM.Rendering", "src\PlasmaCAM.Rendering\PlasmaCAM.Rendering.csproj", "{32D36793-E34C-4EA8-AE65-1B3FBF8100B4}"
EndProject
Project("{FAE04EC0-301F-11D3-BF4B-00C04F79EFBC}") = "PlasmaCAM.ViewModels", "src\PlasmaCAM.ViewModels\PlasmaCAM.ViewModels.csproj", "{15ACEF33-BA1F-482D-BB04-4DF57180ECB2}"
EndProject
Project("{FAE04EC0-301F-11D3-BF4B-00C04F79EFBC}") = "PlasmaCAM.App", "src\PlasmaCAM.App\PlasmaCAM.App.csproj", "{9ACE19F1-491B-4A99-8B66-1F256A94B00A}"
EndProject
Project("{FAE04EC0-301F-11D3-BF4B-00C04F79EFBC}") = "PlasmaCAM.Kernel.Tests", "tests\PlasmaCAM.Kernel.Tests\PlasmaCAM.Kernel.Tests.csproj", "{892C9A53-BA14-41A2-B543-0C1749FCA051}"
EndProject
Project("{FAE04EC0-301F-11D3-BF4B-00C04F79EFBC}") = "PlasmaCAM.Core.Tests", "tests\PlasmaCAM.Core.Tests\PlasmaCAM.Core.Tests.csproj", "{06CF6830-DE2C-41C3-A2D7-D14E2904612A}"
EndProject
Project("{FAE04EC0-301F-11D3-BF4B-00C04F79EFBC}") = "PlasmaCAM.Geometry.Tests", "tests\PlasmaCAM.Geometry.Tests\PlasmaCAM.Geometry.Tests.csproj", "{7F3B1A46-B163-4105-8D68-6F7788D3072C}"
EndProject
Project("{FAE04EC0-301F-11D3-BF4B-00C04F79EFBC}") = "PlasmaCAM.Cam.Tests", "tests\PlasmaCAM.Cam.Tests\PlasmaCAM.Cam.Tests.csproj", "{D42E0FAE-86E1-475E-B33B-E28CC335EEBA}"
EndProject
Project("{FAE04EC0-301F-11D3-BF4B-00C04F79EFBC}") = "PlasmaCAM.Import.NetDxf.Tests", "tests\PlasmaCAM.Import.NetDxf.Tests\PlasmaCAM.Import.NetDxf.Tests.csproj", "{49AF8896-A121-4FB2-9A2A-4A0FF524A6C8}"
EndProject
Project("{FAE04EC0-301F-11D3-BF4B-00C04F79EFBC}") = "PlasmaCAM.Post.Tests", "tests\PlasmaCAM.Post.Tests\PlasmaCAM.Post.Tests.csproj", "{2144ED8B-60FB-4FB7-AEF5-1B96101A5F1A}"
EndProject
Project("{FAE04EC0-301F-11D3-BF4B-00C04F79EFBC}") = "PlasmaCAM.ViewModels.Tests", "tests\PlasmaCAM.ViewModels.Tests\PlasmaCAM.ViewModels.Tests.csproj", "{0D2EE088-A828-4D8F-8149-88335238F828}"
EndProject
Project("{FAE04EC0-301F-11D3-BF4B-00C04F79EFBC}") = "PlasmaCAM.Benchmarks", "benchmarks\PlasmaCAM.Benchmarks\PlasmaCAM.Benchmarks.csproj", "{96B75301-445C-43F2-B51D-6B8EA3293621}"
EndProject
Global
	GlobalSection(SolutionConfigurationPlatforms) = preSolution
		Debug|x64 = Debug|x64
		Release|x64 = Release|x64
	EndGlobalSection
	GlobalSection(ProjectConfigurationPlatforms) = postSolution
		{9FABD65F-8048-4999-9922-1CE8AC227732}.Debug|x64.ActiveCfg = Debug|Any CPU
		{9FABD65F-8048-4999-9922-1CE8AC227732}.Debug|x64.Build.0 = Debug|Any CPU
		{9FABD65F-8048-4999-9922-1CE8AC227732}.Release|x64.ActiveCfg = Release|Any CPU
		{9FABD65F-8048-4999-9922-1CE8AC227732}.Release|x64.Build.0 = Release|Any CPU
		{34A8B8D5-5F6E-4D8A-AD54-89EA78901A24}.Debug|x64.ActiveCfg = Debug|Any CPU
		{34A8B8D5-5F6E-4D8A-AD54-89EA78901A24}.Debug|x64.Build.0 = Debug|Any CPU
		{34A8B8D5-5F6E-4D8A-AD54-89EA78901A24}.Release|x64.ActiveCfg = Release|Any CPU
		{34A8B8D5-5F6E-4D8A-AD54-89EA78901A24}.Release|x64.Build.0 = Release|Any CPU
		{905AABA5-E941-47A1-9F6F-888D545FD786}.Debug|x64.ActiveCfg = Debug|Any CPU
		{905AABA5-E941-47A1-9F6F-888D545FD786}.Debug|x64.Build.0 = Debug|Any CPU
		{905AABA5-E941-47A1-9F6F-888D545FD786}.Release|x64.ActiveCfg = Release|Any CPU
		{905AABA5-E941-47A1-9F6F-888D545FD786}.Release|x64.Build.0 = Release|Any CPU
		{18FB1097-202B-4527-9272-70329B0CEA30}.Debug|x64.ActiveCfg = Debug|Any CPU
		{18FB1097-202B-4527-9272-70329B0CEA30}.Debug|x64.Build.0 = Debug|Any CPU
		{18FB1097-202B-4527-9272-70329B0CEA30}.Release|x64.ActiveCfg = Release|Any CPU
		{18FB1097-202B-4527-9272-70329B0CEA30}.Release|x64.Build.0 = Release|Any CPU
		{E37E35EA-95B8-441F-8407-9D970F1047F6}.Debug|x64.ActiveCfg = Debug|Any CPU
		{E37E35EA-95B8-441F-8407-9D970F1047F6}.Debug|x64.Build.0 = Debug|Any CPU
		{E37E35EA-95B8-441F-8407-9D970F1047F6}.Release|x64.ActiveCfg = Release|Any CPU
		{E37E35EA-95B8-441F-8407-9D970F1047F6}.Release|x64.Build.0 = Release|Any CPU
		{88D1B7B4-3082-4CAD-A073-C45AF8772D02}.Debug|x64.ActiveCfg = Debug|Any CPU
		{88D1B7B4-3082-4CAD-A073-C45AF8772D02}.Debug|x64.Build.0 = Debug|Any CPU
		{88D1B7B4-3082-4CAD-A073-C45AF8772D02}.Release|x64.ActiveCfg = Release|Any CPU
		{88D1B7B4-3082-4CAD-A073-C45AF8772D02}.Release|x64.Build.0 = Release|Any CPU
		{3B57C2AB-1E1D-410B-BCC3-0E9B60C18D4E}.Debug|x64.ActiveCfg = Debug|Any CPU
		{3B57C2AB-1E1D-410B-BCC3-0E9B60C18D4E}.Debug|x64.Build.0 = Debug|Any CPU
		{3B57C2AB-1E1D-410B-BCC3-0E9B60C18D4E}.Release|x64.ActiveCfg = Release|Any CPU
		{3B57C2AB-1E1D-410B-BCC3-0E9B60C18D4E}.Release|x64.Build.0 = Release|Any CPU
		{0349510A-3A82-4BC4-8A71-189306C5867F}.Debug|x64.ActiveCfg = Debug|Any CPU
		{0349510A-3A82-4BC4-8A71-189306C5867F}.Debug|x64.Build.0 = Debug|Any CPU
		{0349510A-3A82-4BC4-8A71-189306C5867F}.Release|x64.ActiveCfg = Release|Any CPU
		{0349510A-3A82-4BC4-8A71-189306C5867F}.Release|x64.Build.0 = Release|Any CPU
		{32D36793-E34C-4EA8-AE65-1B3FBF8100B4}.Debug|x64.ActiveCfg = Debug|Any CPU
		{32D36793-E34C-4EA8-AE65-1B3FBF8100B4}.Debug|x64.Build.0 = Debug|Any CPU
		{32D36793-E34C-4EA8-AE65-1B3FBF8100B4}.Release|x64.ActiveCfg = Release|Any CPU
		{32D36793-E34C-4EA8-AE65-1B3FBF8100B4}.Release|x64.Build.0 = Release|Any CPU
		{15ACEF33-BA1F-482D-BB04-4DF57180ECB2}.Debug|x64.ActiveCfg = Debug|Any CPU
		{15ACEF33-BA1F-482D-BB04-4DF57180ECB2}.Debug|x64.Build.0 = Debug|Any CPU
		{15ACEF33-BA1F-482D-BB04-4DF57180ECB2}.Release|x64.ActiveCfg = Release|Any CPU
		{15ACEF33-BA1F-482D-BB04-4DF57180ECB2}.Release|x64.Build.0 = Release|Any CPU
		{9ACE19F1-491B-4A99-8B66-1F256A94B00A}.Debug|x64.ActiveCfg = Debug|x64
		{9ACE19F1-491B-4A99-8B66-1F256A94B00A}.Debug|x64.Build.0 = Debug|x64
		{9ACE19F1-491B-4A99-8B66-1F256A94B00A}.Release|x64.ActiveCfg = Release|x64
		{9ACE19F1-491B-4A99-8B66-1F256A94B00A}.Release|x64.Build.0 = Release|x64
		{892C9A53-BA14-41A2-B543-0C1749FCA051}.Debug|x64.ActiveCfg = Debug|Any CPU
		{892C9A53-BA14-41A2-B543-0C1749FCA051}.Debug|x64.Build.0 = Debug|Any CPU
		{892C9A53-BA14-41A2-B543-0C1749FCA051}.Release|x64.ActiveCfg = Release|Any CPU
		{892C9A53-BA14-41A2-B543-0C1749FCA051}.Release|x64.Build.0 = Release|Any CPU
		{06CF6830-DE2C-41C3-A2D7-D14E2904612A}.Debug|x64.ActiveCfg = Debug|Any CPU
		{06CF6830-DE2C-41C3-A2D7-D14E2904612A}.Debug|x64.Build.0 = Debug|Any CPU
		{06CF6830-DE2C-41C3-A2D7-D14E2904612A}.Release|x64.ActiveCfg = Release|Any CPU
		{06CF6830-DE2C-41C3-A2D7-D14E2904612A}.Release|x64.Build.0 = Release|Any CPU
		{7F3B1A46-B163-4105-8D68-6F7788D3072C}.Debug|x64.ActiveCfg = Debug|Any CPU
		{7F3B1A46-B163-4105-8D68-6F7788D3072C}.Debug|x64.Build.0 = Debug|Any CPU
		{7F3B1A46-B163-4105-8D68-6F7788D3072C}.Release|x64.ActiveCfg = Release|Any CPU
		{7F3B1A46-B163-4105-8D68-6F7788D3072C}.Release|x64.Build.0 = Release|Any CPU
		{D42E0FAE-86E1-475E-B33B-E28CC335EEBA}.Debug|x64.ActiveCfg = Debug|Any CPU
		{D42E0FAE-86E1-475E-B33B-E28CC335EEBA}.Debug|x64.Build.0 = Debug|Any CPU
		{D42E0FAE-86E1-475E-B33B-E28CC335EEBA}.Release|x64.ActiveCfg = Release|Any CPU
		{D42E0FAE-86E1-475E-B33B-E28CC335EEBA}.Release|x64.Build.0 = Release|Any CPU
		{49AF8896-A121-4FB2-9A2A-4A0FF524A6C8}.Debug|x64.ActiveCfg = Debug|Any CPU
		{49AF8896-A121-4FB2-9A2A-4A0FF524A6C8}.Debug|x64.Build.0 = Debug|Any CPU
		{49AF8896-A121-4FB2-9A2A-4A0FF524A6C8}.Release|x64.ActiveCfg = Release|Any CPU
		{49AF8896-A121-4FB2-9A2A-4A0FF524A6C8}.Release|x64.Build.0 = Release|Any CPU
		{2144ED8B-60FB-4FB7-AEF5-1B96101A5F1A}.Debug|x64.ActiveCfg = Debug|Any CPU
		{2144ED8B-60FB-4FB7-AEF5-1B96101A5F1A}.Debug|x64.Build.0 = Debug|Any CPU
		{2144ED8B-60FB-4FB7-AEF5-1B96101A5F1A}.Release|x64.ActiveCfg = Release|Any CPU
		{2144ED8B-60FB-4FB7-AEF5-1B96101A5F1A}.Release|x64.Build.0 = Release|Any CPU
		{0D2EE088-A828-4D8F-8149-88335238F828}.Debug|x64.ActiveCfg = Debug|Any CPU
		{0D2EE088-A828-4D8F-8149-88335238F828}.Debug|x64.Build.0 = Debug|Any CPU
		{0D2EE088-A828-4D8F-8149-88335238F828}.Release|x64.ActiveCfg = Release|Any CPU
		{0D2EE088-A828-4D8F-8149-88335238F828}.Release|x64.Build.0 = Release|Any CPU
		{96B75301-445C-43F2-B51D-6B8EA3293621}.Debug|x64.ActiveCfg = Debug|Any CPU
		{96B75301-445C-43F2-B51D-6B8EA3293621}.Debug|x64.Build.0 = Debug|Any CPU
		{96B75301-445C-43F2-B51D-6B8EA3293621}.Release|x64.ActiveCfg = Release|Any CPU
		{96B75301-445C-43F2-B51D-6B8EA3293621}.Release|x64.Build.0 = Release|Any CPU
	EndGlobalSection
	GlobalSection(SolutionProperties) = preSolution
		HideSolutionNode = FALSE
	EndGlobalSection
	GlobalSection(NestedProjects) = preSolution
		{9FABD65F-8048-4999-9922-1CE8AC227732} = {993FAC19-4DE4-4D55-8431-D9C55BBAF1C8}
		{34A8B8D5-5F6E-4D8A-AD54-89EA78901A24} = {993FAC19-4DE4-4D55-8431-D9C55BBAF1C8}
		{905AABA5-E941-47A1-9F6F-888D545FD786} = {993FAC19-4DE4-4D55-8431-D9C55BBAF1C8}
		{18FB1097-202B-4527-9272-70329B0CEA30} = {993FAC19-4DE4-4D55-8431-D9C55BBAF1C8}
		{E37E35EA-95B8-441F-8407-9D970F1047F6} = {993FAC19-4DE4-4D55-8431-D9C55BBAF1C8}
		{88D1B7B4-3082-4CAD-A073-C45AF8772D02} = {993FAC19-4DE4-4D55-8431-D9C55BBAF1C8}
		{3B57C2AB-1E1D-410B-BCC3-0E9B60C18D4E} = {993FAC19-4DE4-4D55-8431-D9C55BBAF1C8}
		{0349510A-3A82-4BC4-8A71-189306C5867F} = {993FAC19-4DE4-4D55-8431-D9C55BBAF1C8}
		{32D36793-E34C-4EA8-AE65-1B3FBF8100B4} = {993FAC19-4DE4-4D55-8431-D9C55BBAF1C8}
		{15ACEF33-BA1F-482D-BB04-4DF57180ECB2} = {993FAC19-4DE4-4D55-8431-D9C55BBAF1C8}
		{9ACE19F1-491B-4A99-8B66-1F256A94B00A} = {993FAC19-4DE4-4D55-8431-D9C55BBAF1C8}
		{892C9A53-BA14-41A2-B543-0C1749FCA051} = {3D9012D9-1B70-41CD-BCAD-3727550BB312}
		{06CF6830-DE2C-41C3-A2D7-D14E2904612A} = {3D9012D9-1B70-41CD-BCAD-3727550BB312}
		{7F3B1A46-B163-4105-8D68-6F7788D3072C} = {3D9012D9-1B70-41CD-BCAD-3727550BB312}
		{D42E0FAE-86E1-475E-B33B-E28CC335EEBA} = {3D9012D9-1B70-41CD-BCAD-3727550BB312}
		{49AF8896-A121-4FB2-9A2A-4A0FF524A6C8} = {3D9012D9-1B70-41CD-BCAD-3727550BB312}
		{2144ED8B-60FB-4FB7-AEF5-1B96101A5F1A} = {3D9012D9-1B70-41CD-BCAD-3727550BB312}
		{0D2EE088-A828-4D8F-8149-88335238F828} = {3D9012D9-1B70-41CD-BCAD-3727550BB312}
		{96B75301-445C-43F2-B51D-6B8EA3293621} = {E0FFD4A4-286E-4574-9438-438635DE07CA}
	EndGlobalSection
EndGlobal
